// !$*UTF8*$!
{
	archiveVersion = 1;
	classes = {
	};
	objectVersion = 50;
	objects = {

/* Begin PBXBuildFile section */
		2F4DEE6A209EB6AF00BF2FB2 /* AppDelegate.m in Sources */ = {isa = PBXBuildFile; fileRef = 2F4DEE69209EB6AF00BF2FB2 /* AppDelegate.m */; };
		2F4DEE6D209EB6AF00BF2FB2 /* ViewController.m in Sources */ = {isa = PBXBuildFile; fileRef = 2F4DEE6C209EB6AF00BF2FB2 /* ViewController.m */; };
		2F4DEE70209EB6AF00BF2FB2 /* Main.storyboard in Resources */ = {isa = PBXBuildFile; fileRef = 2F4DEE6E209EB6AF00BF2FB2 /* Main.storyboard */; };
		2F4DEE72209EB6B100BF2FB2 /* Assets.xcassets in Resources */ = {isa = PBXBuildFile; fileRef = 2F4DEE71209EB6B100BF2FB2 /* Assets.xcassets */; };
		2F4DEE75209EB6B100BF2FB2 /* LaunchScreen.storyboard in Resources */ = {isa = PBXBuildFile; fileRef = 2F4DEE73209EB6B100BF2FB2 /* LaunchScreen.storyboard */; };
		2F4DEE78209EB6B100BF2FB2 /* main.m in Sources */ = {isa = PBXBuildFile; fileRef = 2F4DEE77209EB6B100BF2FB2 /* main.m */; };
		2F4DEE82209EB6B100BF2FB2 /* YYRunTimeTests.m in Sources */ = {isa = PBXBuildFile; fileRef = 2F4DEE81209EB6B100BF2FB2 /* YYRunTimeTests.m */; };
		2F4DEE8D209EB6B100BF2FB2 /* YYRunTimeUITests.m in Sources */ = {isa = PBXBuildFile; fileRef = 2F4DEE8C209EB6B100BF2FB2 /* YYRunTimeUITests.m */; };
/* End PBXBuildFile section */

/* Begin PBXContainerItemProxy section */
		2F4DEE7E209EB6B100BF2FB2 /* PBXContainerItemProxy */ = {
			isa = PBXContainerItemProxy;
			containerPortal = 2F4DEE5D209EB6AF00BF2FB2 /* Project object */;
			proxyType = 1;
			remoteGlobalIDString = 2F4DEE64209EB6AF00BF2FB2;
			remoteInfo = YYRunTime;
		};
		2F4DEE89209EB6B100BF2FB2 /* PBXContainerItemProxy */ = {
			isa = PBXContainerItemProxy;
			containerPortal = 2F4DEE5D209EB6AF00BF2FB2 /* Project object */;
			proxyType = 1;
			remoteGlobalIDString = 2F4DEE64209EB6AF00BF2FB2;
			remoteInfo = YYRunTime;
		};
/* End PBXContainerItemProxy section */

/* Begin PBXFileReference section */
		2F4DEE65209EB6AF00BF2FB2 /* YYRunTime.app */ = {isa = PBXFileReference; explicitFileType = wrapper.application; includeInIndex = 0; path = YYRunTime.app; sourceTree = BUILT_PRODUCTS_DIR; };
		2F4DEE68209EB6AF00BF2FB2 /* AppDelegate.h */ = {isa = PBXFileReference; lastKnownFileType = sourcecode.c.h; path = AppDelegate.h; sourceTree = "<group>"; };
		2F4DEE69209EB6AF00BF2FB2 /* AppDelegate.m */ = {isa = PBXFileReference; lastKnownFileType = sourcecode.c.objc; path = AppDelegate.m; sourceTree = "<group>"; };
		2F4DEE6B209EB6AF00BF2FB2 /* ViewController.h */ = {isa = PBXFileReference; lastKnownFileType = sourcecode.c.h; path = ViewController.h; sourceTree = "<group>"; };
		2F4DEE6C209EB6AF00BF2FB2 /* ViewController.m */ = {isa = PBXFileReference; lastKnownFileType = sourcecode.c.objc; path = ViewController.m; sourceTree = "<group>"; };
		2F4DEE6F209EB6AF00BF2FB2 /* Base */ = {isa = PBXFileReference; lastKnownFileType = file.storyboard; name = Base; path = Base.lproj/Main.storyboard; sourceTree = "<group>"; };
		2F4DEE71209EB6B100BF2FB2 /* Assets.xcassets */ = {isa = PBXFileReference; lastKnownFileType = folder.assetcatalog; path = Assets.xcassets; sourceTree = "<group>"; };
		2F4DEE74209EB6B100BF2FB2 /* Base */ = {isa = PBXFileReference; lastKnownFileType = file.storyboard; name = Base; path = Base.lproj/LaunchScreen.storyboard; sourceTree = "<group>"; };
		2F4DEE76209EB6B100BF2FB2 /* Info.plist */ = {isa = PBXFileReference; lastKnownFileType = text.plist.xml; path = Info.plist; sourceTree = "<group>"; };
		2F4DEE77209EB6B100BF2FB2 /* main.m */ = {isa = PBXFileReference; lastKnownFileType = sourcecode.c.objc; path = main.m; sourceTree = "<group>"; };
		2F4DEE7D209EB6B100BF2FB2 /* YYRunTimeTests.xctest */ = {isa = PBXFileReference; explicitFileType = wrapper.cfbundle; includeInIndex = 0; path = YYRunTimeTests.xctest; sourceTree = BUILT_PRODUCTS_DIR; };
		2F4DEE81209EB6B100BF2FB2 /* YYRunTimeTests.m */ = {isa = PBXFileReference; lastKnownFileType = sourcecode.c.objc; path = YYRunTimeTests.m; sourceTree = "<group>"; };
		2F4DEE83209EB6B100BF2FB2 /* Info.plist */ = {isa = PBXFileReference; lastKnownFileType = text.plist.xml; path = Info.plist; sourceTree = "<group>"; };
		2F4DEE88209EB6B100BF2FB2 /* YYRunTimeUITests.xctest */ = {isa = PBXFileReference; explicitFileType = wrapper.cfbundle; includeInIndex = 0; path = YYRunTimeUITests.xctest; sourceTree = BUILT_PRODUCTS_DIR; };
		2F4DEE8C209EB6B100BF2FB2 /* YYRunTimeUITests.m */ = {isa = PBXFileReference; lastKnownFileType = sourcecode.c.objc; path = YYRunTimeUITests.m; sourceTree = "<group>"; };
		2F4DEE8E209EB6B100BF2FB2 /* Info.plist */ = {isa = PBXFileReference; lastKnownFileType = text.plist.xml; path = Info.plist; sourceTree = "<group>"; };
/* End PBXFileReference section */

/* Begin PBXFrameworksBuildPhase section */
		2F4DEE62209EB6AF00BF2FB2 /* Frameworks */ = {
			isa = PBXFrameworksBuildPhase;
			buildActionMask = 2147483647;
			files = (
			);
			runOnlyForDeploymentPostprocessing = 0;
		};
		2F4DEE7A209EB6B100BF2FB2 /* Frameworks */ = {
			isa = PBXFrameworksBuildPhase;
			buildActionMask = 2147483647;
			files = (
			);
			runOnlyForDeploymentPostprocessing = 0;
		};
		2F4DEE85209EB6B100BF2FB2 /* Frameworks */ = {
			isa = PBXFrameworksBuildPhase;
			buildActionMask = 2147483647;
			files = (
			);
			runOnlyForDeploymentPostprocessing = 0;
		};
/* End PBXFrameworksBuildPhase section */

/* Begin PBXGroup section */
		2F4DEE5C209EB6AF00BF2FB2 = {
			isa = PBXGroup;
			children = (
				2F4DEE67209EB6AF00BF2FB2 /* YYRunTime */,
				2F4DEE80209EB6B100BF2FB2 /* YYRunTimeTests */,
				2F4DEE8B209EB6B100BF2FB2 /* YYRunTimeUITests */,
				2F4DEE66209EB6AF00BF2FB2 /* Products */,
			);
			sourceTree = "<group>";
		};
		2F4DEE66209EB6AF00BF2FB2 /* Products */ = {
			isa = PBXGroup;
			children = (
				2F4DEE65209EB6AF00BF2FB2 /* YYRunTime.app */,
				2F4DEE7D209EB6B100BF2FB2 /* YYRunTimeTests.xctest */,
				2F4DEE88209EB6B100BF2FB2 /* YYRunTimeUITests.xctest */,
			);
			name = Products;
			sourceTree = "<group>";
		};
		2F4DEE67209EB6AF00BF2FB2 /* YYRunTime */ = {
			isa = PBXGroup;
			children = (
				2F4DEE68209EB6AF00BF2FB2 /* AppDelegate.h */,
				2F4DEE69209EB6AF00BF2FB2 /* AppDelegate.m */,
				2F4DEE6B209EB6AF00BF2FB2 /* ViewController.h */,
				2F4DEE6C209EB6AF00BF2FB2 /* ViewController.m */,
				2F4DEE6E209EB6AF00BF2FB2 /* Main.storyboard */,
				2F4DEE71209EB6B100BF2FB2 /* Assets.xcassets */,
				2F4DEE73209EB6B100BF2FB2 /* LaunchScreen.storyboard */,
				2F4DEE76209EB6B100BF2FB2 /* Info.plist */,
				2F4DEE77209EB6B100BF2FB2 /* main.m */,
			);
			path = YYRunTime;
			sourceTree = "<group>";
		};
		2F4DEE80209EB6B100BF2FB2 /* YYRunTimeTests */ = {
			isa = PBXGroup;
			children = (
				2F4DEE81209EB6B100BF2FB2 /* YYRunTimeTests.m */,
				2F4DEE83209EB6B100BF2FB2 /* Info.plist */,
			);
			path = YYRunTimeTests;
			sourceTree = "<group>";
		};
		2F4DEE8B209EB6B100BF2FB2 /* YYRunTimeUITests */ = {
			isa = PBXGroup;
			children = (
				2F4DEE8C209EB6B100BF2FB2 /* YYRunTimeUITests.m */,
				2F4DEE8E209EB6B100BF2FB2 /* Info.plist */,
			);
			path = YYRunTimeUITests;
			sourceTree = "<group>";
		};
/* End PBXGroup section */

/* Begin PBXNativeTarget section */
		2F4DEE64209EB6AF00BF2FB2 /* YYRunTime */ = {
			isa = PBXNativeTarget;
			buildConfigurationList = 2F4DEE91209EB6B100BF2FB2 /* Build configuration list for PBXNativeTarget "YYRunTime" */;
			buildPhases = (
				2F4DEE61209EB6AF00BF2FB2 /* Sources */,
				2F4DEE62209EB6AF00BF2FB2 /* Frameworks */,
				2F4DEE63209EB6AF00BF2FB2 /* Resources */,
			);
			buildRules = (
			);
			dependencies = (
			);
			name = YYRunTime;
			productName = YYRunTime;
			productReference = 2F4DEE65209EB6AF00BF2FB2 /* YYRunTime.app */;
			productType = "com.apple.product-type.application";
		};
		2F4DEE7C209EB6B100BF2FB2 /* YYRunTimeTests */ = {
			isa = PBXNativeTarget;
			buildConfigurationList = 2F4DEE94209EB6B100BF2FB2 /* Build configuration list for PBXNativeTarget "YYRunTimeTests" */;
			buildPhases = (
				2F4DEE79209EB6B100BF2FB2 /* Sources */,
				2F4DEE7A209EB6B100BF2FB2 /* Frameworks */,
				2F4DEE7B209EB6B100BF2FB2 /* Resources */,
			);
			buildRules = (
			);
			dependencies = (
				2F4DEE7F209EB6B100BF2FB2 /* PBXTargetDependency */,
			);
			name = YYRunTimeTests;
			productName = YYRunTimeTests;
			productReference = 2F4DEE7D209EB6B100BF2FB2 /* YYRunTimeTests.xctest */;
			productType = "com.apple.product-type.bundle.unit-test";
		};
		2F4DEE87209EB6B100BF2FB2 /* YYRunTimeUITests */ = {
			isa = PBXNativeTarget;
			buildConfigurationList = 2F4DEE97209EB6B100BF2FB2 /* Build configuration list for PBXNativeTarget "YYRunTimeUITests" */;
			buildPhases = (
				2F4DEE84209EB6B100BF2FB2 /* Sources */,
				2F4DEE85209EB6B100BF2FB2 /* Frameworks */,
				2F4DEE86209EB6B100BF2FB2 /* Resources */,
			);
			buildRules = (
			);
			dependencies = (
				2F4DEE8A209EB6B100BF2FB2 /* PBXTargetDependency */,
			);
			name = YYRunTimeUITests;
			productName = YYRunTimeUITests;
			productReference = 2F4DEE88209EB6B100BF2FB2 /* YYRunTimeUITests.xctest */;
			productType = "com.apple.product-type.bundle.ui-testing";
		};
/* End PBXNativeTarget section */

/* Begin PBXProject section */
		2F4DEE5D209EB6AF00BF2FB2 /* Project object */ = {
			isa = PBXProject;
			attributes = {
				LastUpgradeCheck = 0930;
				ORGANIZATIONNAME = yang;
				TargetAttributes = {
					2F4DEE64209EB6AF00BF2FB2 = {
						CreatedOnToolsVersion = 9.3;
					};
					2F4DEE7C209EB6B100BF2FB2 = {
						CreatedOnToolsVersion = 9.3;
						TestTargetID = 2F4DEE64209EB6AF00BF2FB2;
					};
					2F4DEE87209EB6B100BF2FB2 = {
						CreatedOnToolsVersion = 9.3;
						TestTargetID = 2F4DEE64209EB6AF00BF2FB2;
					};
				};
			};
			buildConfigurationList = 2F4DEE60209EB6AF00BF2FB2 /* Build configuration list for PBXProject "YYRunTime" */;
			compatibilityVersion = "Xcode 9.3";
			developmentRegion = en;
			hasScannedForEncodings = 0;
			knownRegions = (
				en,
				Base,
			);
			mainGroup = 2F4DEE5C209EB6AF00BF2FB2;
			productRefGroup = 2F4DEE66209EB6AF00BF2FB2 /* Products */;
			projectDirPath = "";
			projectRoot = "";
			targets = (
				2F4DEE64209EB6AF00BF2FB2 /* YYRunTime */,
				2F4DEE7C209EB6B100BF2FB2 /* YYRunTimeTests */,
				2F4DEE87209EB6B100BF2FB2 /* YYRunTimeUITests */,
			);
		};
/* End PBXProject section */

/* Begin PBXResourcesBuildPhase section */
		2F4DEE63209EB6AF00BF2FB2 /* Resources */ = {
			isa = PBXResourcesBuildPhase;
			buildActionMask = 2147483647;
			files = (
				2F4DEE75209EB6B100BF2FB2 /* LaunchScreen.storyboard in Resources */,
				2F4DEE72209EB6B100BF2FB2 /* Assets.xcassets in Resources */,
				2F4DEE70209EB6AF00BF2FB2 /* Main.storyboard in Resources */,
			);
			runOnlyForDeploymentPostprocessing = 0;
		};
		2F4DEE7B209EB6B100BF2FB2 /* Resources */ = {
			isa = PBXResourcesBuildPhase;
			buildActionMask = 2147483647;
			files = (
			);
			runOnlyForDeploymentPostprocessing = 0;
		};
		2F4DEE86209EB6B100BF2FB2 /* Resources */ = {
			isa = PBXResourcesBuildPhase;
			buildActionMask = 2147483647;
			files = (
			);
			runOnlyForDeploymentPostprocessing = 0;
		};
/* End PBXResourcesBuildPhase section */

/* Begin PBXSourcesBuildPhase section */
		2F4DEE61209EB6AF00BF2FB2 /* Sources */ = {
			isa = PBXSourcesBuildPhase;
			buildActionMask = 2147483647;
			files = (
				2F4DEE6D209EB6AF00BF2FB2 /* ViewController.m in Sources */,
				2F4DEE78209EB6B100BF2FB2 /* main.m in Sources */,
				2F4DEE6A209EB6AF00BF2FB2 /* AppDelegate.m in Sources */,
			);
			runOnlyForDeploymentPostprocessing = 0;
		};
		2F4DEE79209EB6B100BF2FB2 /* Sources */ = {
			isa = PBXSourcesBuildPhase;
			buildActionMask = 2147483647;
			files = (
				2F4DEE82209EB6B100BF2FB2 /* YYRunTimeTests.m in Sources */,
			);
			runOnlyForDeploymentPostprocessing = 0;
		};
		2F4DEE84209EB6B100BF2FB2 /* Sources */ = {
			isa = PBXSourcesBuildPhase;
			buildActionMask = 2147483647;
			files = (
				2F4DEE8D209EB6B100BF2FB2 /* YYRunTimeUITests.m in Sources */,
			);
			runOnlyForDeploymentPostprocessing = 0;
		};
/* End PBXSourcesBuildPhase section */

/* Begin PBXTargetDependency section */
		2F4DEE7F209EB6B100BF2FB2 /* PBXTargetDependency */ = {
			isa = PBXTargetDependency;
			target = 2F4DEE64209EB6AF00BF2FB2 /* YYRunTime */;
			targetProxy = 2F4DEE7E209EB6B100BF2FB2 /* PBXContainerItemProxy */;
		};
		2F4DEE8A209EB6B100BF2FB2 /* PBXTargetDependency */ = {
			isa = PBXTargetDependency;
			target = 2F4DEE64209EB6AF00BF2FB2 /* YYRunTime */;
			targetProxy = 2F4DEE89209EB6B100BF2FB2 /* PBXContainerItemProxy */;
		};
/* End PBXTargetDependency section */

/* Begin PBXVariantGroup section */
		2F4DEE6E209EB6AF00BF2FB2 /* Main.storyboard */ = {
			isa = PBXVariantGroup;
			children = (
				2F4DEE6F209EB6AF00BF2FB2 /* Base */,
			);
			name = Main.storyboard;
			sourceTree = "<group>";
		};
		2F4DEE73209EB6B100BF2FB2 /* LaunchScreen.storyboard */ = {
			isa = PBXVariantGroup;
			children = (
				2F4DEE74209EB6B100BF2FB2 /* Base */,
			);
			name = LaunchScreen.storyboard;
			sourceTree = "<group>";
		};
/* End PBXVariantGroup section */

/* Begin XCBuildConfiguration section */
		2F4DEE8F209EB6B100BF2FB2 /* Debug */ = {
			isa = XCBuildConfiguration;
			buildSettings = {
				ALWAYS_SEARCH_USER_PATHS = NO;
				CLANG_ANALYZER_NONNULL = YES;
				CLANG_ANALYZER_NUMBER_OBJECT_CONVERSION = YES_AGGRESSIVE;
				CLANG_CXX_LANGUAGE_STANDARD = "gnu++14";
				CLANG_CXX_LIBRARY = "libc++";
				CLANG_ENABLE_MODULES = YES;
				CLANG_ENABLE_OBJC_ARC = YES;
				CLANG_ENABLE_OBJC_WEAK = YES;
				CLANG_WARN_BLOCK_CAPTURE_AUTORELEASING = YES;
				CLANG_WARN_BOOL_CONVERSION = YES;
				CLANG_WARN_COMMA = YES;
				CLANG_WARN_CONSTANT_CONVERSION = YES;
				CLANG_WARN_DEPRECATED_OBJC_IMPLEMENTATIONS = YES;
				CLANG_WARN_DIRECT_OBJC_ISA_USAGE = YES_ERROR;
				CLANG_WARN_DOCUMENTATION_COMMENTS = YES;
				CLANG_WARN_EMPTY_BODY = YES;
				CLANG_WARN_ENUM_CONVERSION = YES;
				CLANG_WARN_INFINITE_RECURSION = YES;
				CLANG_WARN_INT_CONVERSION = YES;
				CLANG_WARN_NON_LITERAL_NULL_CONVERSION = YES;
				CLANG_WARN_OBJC_IMPLICIT_RETAIN_SELF = YES;
				CLANG_WARN_OBJC_LITERAL_CONVERSION = YES;
				CLANG_WARN_OBJC_ROOT_CLASS = YES_ERROR;
				CLANG_WARN_RANGE_LOOP_ANALYSIS = YES;
				CLANG_WARN_STRICT_PROTOTYPES = YES;
				CLANG_WARN_SUSPICIOUS_MOVE = YES;
				CLANG_WARN_UNGUARDED_AVAILABILITY = YES_AGGRESSIVE;
				CLANG_WARN_UNREACHABLE_CODE = YES;
				CLANG_WARN__DUPLICATE_METHOD_MATCH = YES;
				CODE_SIGN_IDENTITY = "iPhone Developer";
				COPY_PHASE_STRIP = NO;
				DEBUG_INFORMATION_FORMAT = dwarf;
				ENABLE_STRICT_OBJC_MSGSEND = YES;
				ENABLE_TESTABILITY = YES;
				GCC_C_LANGUAGE_STANDARD = gnu11;
				GCC_DYNAMIC_NO_PIC = NO;
				GCC_NO_COMMON_BLOCKS = YES;
				GCC_OPTIMIZATION_LEVEL = 0;
				GCC_PREPROCESSOR_DEFINITIONS = (
					"DEBUG=1",
					"$(inherited)",
				);
				GCC_WARN_64_TO_32_BIT_CONVERSION = YES;
				GCC_WARN_ABOUT_RETURN_TYPE = YES_ERROR;
				GCC_WARN_UNDECLARED_SELECTOR = YES;
				GCC_WARN_UNINITIALIZED_AUTOS = YES_AGGRESSIVE;
				GCC_WARN_UNUSED_FUNCTION = YES;
				GCC_WARN_UNUSED_VARIABLE = YES;
				IPHONEOS_DEPLOYMENT_TARGET = 11.3;
				MTL_ENABLE_DEBUG_INFO = YES;
				ONLY_ACTIVE_ARCH = YES;
				SDKROOT = iphoneos;
			};
			name = Debug;
		};
		2F4DEE90209EB6B100BF2FB2 /* Release */ = {
			isa = XCBuildConfiguration;
			buildSettings = {
				ALWAYS_SEARCH_USER_PATHS = NO;
				CLANG_ANALYZER_NONNULL = YES;
				CLANG_ANALYZER_NUMBER_OBJECT_CONVERSION = YES_AGGRESSIVE;
				CLANG_CXX_LANGUAGE_STANDARD = "gnu++14";
				CLANG_CXX_LIBRARY = "libc++";
				CLANG_ENABLE_MODULES = YES;
				CLANG_ENABLE_OBJC_ARC = YES;
				CLANG_ENABLE_OBJC_WEAK = YES;
				CLANG_WARN_BLOCK_CAPTURE_AUTORELEASING = YES;
				CLANG_WARN_BOOL_CONVERSION = YES;
				CLANG_WARN_COMMA = YES;
				CLANG_WARN_CONSTANT_CONVERSION = YES;
				CLANG_WARN_DEPRECATED_OBJC_IMPLEMENTATIONS = YES;
				CLANG_WARN_DIRECT_OBJC_ISA_USAGE = YES_ERROR;
				CLANG_WARN_DOCUMENTATION_COMMENTS = YES;
				CLANG_WARN_EMPTY_BODY = YES;
				CLANG_WARN_ENUM_CONVERSION = YES;
				CLANG_WARN_INFINITE_RECURSION = YES;
				CLANG_WARN_INT_CONVERSION = YES;
				CLANG_WARN_NON_LITERAL_NULL_CONVERSION = YES;
				CLANG_WARN_OBJC_IMPLICIT_RETAIN_SELF = YES;
				CLANG_WARN_OBJC_LITERAL_CONVERSION = YES;
				CLANG_WARN_OBJC_ROOT_CLASS = YES_ERROR;
				CLANG_WARN_RANGE_LOOP_ANALYSIS = YES;
				CLANG_WARN_STRICT_PROTOTYPES = YES;
				CLANG_WARN_SUSPICIOUS_MOVE = YES;
				CLANG_WARN_UNGUARDED_AVAILABILITY = YES_AGGRESSIVE;
				CLANG_WARN_UNREACHABLE_CODE = YES;
				CLANG_WARN__DUPLICATE_METHOD_MATCH = YES;
				CODE_SIGN_IDENTITY = "iPhone Developer";
				COPY_PHASE_STRIP = NO;
				DEBUG_INFORMATION_FORMAT = "dwarf-with-dsym";
				ENABLE_NS_ASSERTIONS = NO;
				ENABLE_STRICT_OBJC_MSGSEND = YES;
				GCC_C_LANGUAGE_STANDARD = gnu11;
				GCC_NO_COMMON_BLOCKS = YES;
				GCC_WARN_64_TO_32_BIT_CONVERSION = YES;
				GCC_WARN_ABOUT_RETURN_TYPE = YES_ERROR;
				GCC_WARN_UNDECLARED_SELECTOR = YES;
				GCC_WARN_UNINITIALIZED_AUTOS = YES_AGGRESSIVE;
				GCC_WARN_UNUSED_FUNCTION = YES;
				GCC_WARN_UNUSED_VARIABLE = YES;
				IPHONEOS_DEPLOYMENT_TARGET = 11.3;
				MTL_ENABLE_DEBUG_INFO = NO;
				SDKROOT = iphoneos;
				VALIDATE_PRODUCT = YES;
			};
			name = Release;
		};
		2F4DEE92209EB6B100BF2FB2 /* Debug */ = {
			isa = XCBuildConfiguration;
			buildSettings = {
				ASSETCATALOG_COMPILER_APPICON_NAME = AppIcon;
				CODE_SIGN_STYLE = Automatic;
				DEVELOPMENT_TEAM = 2C5J4X74VC;
				INFOPLIST_FILE = YYRunTime/Info.plist;
				LD_RUNPATH_SEARCH_PATHS = (
					"$(inherited)",
					"@executable_path/Frameworks",
				);
				PRODUCT_BUNDLE_IDENTIFIER = yangyang.YYRunTime;
				PRODUCT_NAME = "$(TARGET_NAME)";
				TARGETED_DEVICE_FAMILY = "1,2";
			};
			name = Debug;
		};
		2F4DEE93209EB6B100BF2FB2 /* Release */ = {
			isa = XCBuildConfiguration;
			buildSettings = {
				ASSETCATALOG_COMPILER_APPICON_NAME = AppIcon;
				CODE_SIGN_STYLE = Automatic;
				DEVELOPMENT_TEAM = 2C5J4X74VC;
				INFOPLIST_FILE = YYRunTime/Info.plist;
				LD_RUNPATH_SEARCH_PATHS = (
					"$(inherited)",
					"@executable_path/Frameworks",
				);
				PRODUCT_BUNDLE_IDENTIFIER = yangyang.YYRunTime;
				PRODUCT_NAME = "$(TARGET_NAME)";
				TARGETED_DEVICE_FAMILY = "1,2";
			};
			name = Release;
		};
		2F4DEE95209EB6B100BF2FB2 /* Debug */ = {
			isa = XCBuildConfiguration;
			buildSettings = {
				BUNDLE_LOADER = "$(TEST_HOST)";
				CODE_SIGN_STYLE = Automatic;
				DEVELOPMENT_TEAM = 2C5J4X74VC;
				INFOPLIST_FILE = YYRunTimeTests/Info.plist;
				LD_RUNPATH_SEARCH_PATHS = (
					"$(inherited)",
					"@executable_path/Frameworks",
					"@loader_path/Frameworks",
				);
				PRODUCT_BUNDLE_IDENTIFIER = yangyang.YYRunTimeTests;
				PRODUCT_NAME = "$(TARGET_NAME)";
				TARGETED_DEVICE_FAMILY = "1,2";
				TEST_HOST = "$(BUILT_PRODUCTS_DIR)/YYRunTime.app/YYRunTime";
			};
			name = Debug;
		};
		2F4DEE96209EB6B100BF2FB2 /* Release */ = {
			isa = XCBuildConfiguration;
			buildSettings = {
				BUNDLE_LOADER = "$(TEST_HOST)";
				CODE_SIGN_STYLE = Automatic;
				DEVELOPMENT_TEAM = 2C5J4X74VC;
				INFOPLIST_FILE = YYRunTimeTests/Info.plist;
				LD_RUNPATH_SEARCH_PATHS = (
					"$(inherited)",
					"@executable_path/Frameworks",
					"@loader_path/Frameworks",
				);
				PRODUCT_BUNDLE_IDENTIFIER = yangyang.YYRunTimeTests;
				PRODUCT_NAME = "$(TARGET_NAME)";
				TARGETED_DEVICE_FAMILY = "1,2";
				TEST_HOST = "$(BUILT_PRODUCTS_DIR)/YYRunTime.app/YYRunTime";
			};
			name = Release;
		};
		2F4DEE98209EB6B100BF2FB2 /* Debug */ = {
			isa = XCBuildConfiguration;
			buildSettings = {
				CODE_SIGN_STYLE = Automatic;
				DEVELOPMENT_TEAM = 2C5J4X74VC;
				INFOPLIST_FILE = YYRunTimeUITests/Info.plist;
				LD_RUNPATH_SEARCH_PATHS = (
					"$(inherited)",
					"@executable_path/Frameworks",
					"@loader_path/Frameworks",
				);
				PRODUCT_BUNDLE_IDENTIFIER = yangyang.YYRunTimeUITests;
				PRODUCT_NAME = "$(TARGET_NAME)";
				TARGETED_DEVICE_FAMILY = "1,2";
				TEST_TARGET_NAME = YYRunTime;
			};
			name = Debug;
		};
		2F4DEE99209EB6B100BF2FB2 /* Release */ = {
			isa = XCBuildConfiguration;
			buildSettings = {
				CODE_SIGN_STYLE = Automatic;
				DEVELOPMENT_TEAM = 2C5J4X74VC;
				INFOPLIST_FILE = YYRunTimeUITests/Info.plist;
				LD_RUNPATH_SEARCH_PATHS = (
					"$(inherited)",
					"@executable_path/Frameworks",
					"@loader_path/Frameworks",
				);
				PRODUCT_BUNDLE_IDENTIFIER = yangyang.YYRunTimeUITests;
				PRODUCT_NAME = "$(TARGET_NAME)";
				TARGETED_DEVICE_FAMILY = "1,2";
				TEST_TARGET_NAME = YYRunTime;
			};
			name = Release;
		};
/* End XCBuildConfiguration section */

/* Begin XCConfigurationList section */
		2F4DEE60209EB6AF00BF2FB2 /* Build configuration list for PBXProject "YYRunTime" */ = {
			isa = XCConfigurationList;
			buildConfigurations = (
				2F4DEE8F209EB6B100BF2FB2 /* Debug */,
				2F4DEE90209EB6B100BF2FB2 /* Release */,
			);
			defaultConfigurationIsVisible = 0;
			defaultConfigurationName = Release;
		};
		2F4DEE91209EB6B100BF2FB2 /* Build configuration list for PBXNativeTarget "YYRunTime" */ = {
			isa = XCConfigurationList;
			buildConfigurations = (
				2F4DEE92209EB6B100BF2FB2 /* Debug */,
				2F4DEE93209EB6B100BF2FB2 /* Release */,
			);
			defaultConfigurationIsVisible = 0;
			defaultConfigurationName = Release;
		};
		2F4DEE94209EB6B100BF2FB2 /* Build configuration list for PBXNativeTarget "YYRunTimeTests" */ = {
			isa = XCConfigurationList;
			buildConfigurations = (
				2F4DEE95209EB6B100BF2FB2 /* Debug */,
				2F4DEE96209EB6B100BF2FB2 /* Release */,
			);
			defaultConfigurationIsVisible = 0;
			defaultConfigurationName = Release;
		};
		2F4DEE97209EB6B100BF2FB2 /* Build configuration list for PBXNativeTarget "YYRunTimeUITests" */ = {
			isa = XCConfigurationList;
			buildConfigurations = (
				2F4DEE98209EB6B100BF2FB2 /* Debug */,
				2F4DEE99209EB6B100BF2FB2 /* Release */,
			);
			defaultConfigurationIsVisible = 0;
			defaultConfigurationName = Release;
		};
/* End XCConfigurationList section */
	};
	rootObject = 2F4DEE5D209EB6AF00BF2FB2 /* Project object */;
}
